
Microsoft Visual Studio Solution File, Format Version 11.00
# Visual Web Developer Express 2010
Project("{FAE04EC0-301F-11D3-BF4B-00C04F79EFBC}") = "GolfPool", "GolfPool\GolfPool.csproj", "{7C673D35-68B7-40B5-AD6D-C1432B0AF38C}"
EndProject
Global
	GlobalSection(SolutionConfigurationPlatforms) = preSolution
		Debug|Any CPU = Debug|Any CPU
		Release|Any CPU = Release|Any CPU
	EndGlobalSection
	GlobalSection(ProjectConfigurationPlatforms) = postSolution
		{7C673D35-68B7-40B5-AD6D-C1432B0AF38C}.Debug|Any CPU.ActiveCfg = Debug|Any CPU
		{7C673D35-68B7-40B5-AD6D-C1432B0AF38C}.Debug|Any CPU.Build.0 = Debug|Any CPU
		{7C673D35-68B7-40B5-AD6D-C1432B0AF38C}.Release|Any CPU.ActiveCfg = Release|Any CPU
		{7C673D35-68B7-40B5-AD6D-C1432B0AF38C}.Release|Any CPU.Build.0 = Release|Any CPU
	EndGlobalSection
	GlobalSection(SolutionProperties) = preSolution
		HideSolutionNode = FALSE
	EndGlobalSection
EndGlobal
